
Microsoft Visual Studio Solution File, Format Version 12.00
# Visual Studio Version 17
VisualStudioVersion = 17.0.31903.59
MinimumVisualStudioVersion = 10.0.40219.1
Project("{2150E333-8FDC-42A3-9474-1A3956D46DE8}") = "src", "src", "{827E0CD3-B72D-47B6-A68D-7590B98EB39B}"
EndProject
Project("{FAE04EC0-301F-11D3-BF4B-00C04F79EFBC}") = "MinePainter.Core", "src\MinePainter.Core\MinePainter.Core.csproj", "{2A45E3AC-414A-4869-A50A-F8F78F0E697A}"
EndProject
Project("{FAE04EC0-301F-11D3-BF4B-00C04F79EFBC}") = "MinePainter.App", "src\MinePainter.App\MinePainter.App.csproj", "{391386D8-D775-4801-8A7F-778338518EBD}"
EndProject
Project("{FAE04EC0-301F-11D3-BF4B-00C04F79EFBC}") = "MinePainter.Core.Tests", "tests\MinePainter.Core.Tests\MinePainter.Core.Tests.csproj", "{118C5D61-6FB2-4D0D-AE8A-782BD3A23645}"
EndProject
Project("{2150E333-8FDC-42A3-9474-1A3956D46DE8}") = "tests", "tests", "{0AB3BF05-4346-4AA6-1389-037BE0695223}"
EndProject
Project("{FAE04EC0-301F-11D3-BF4B-00C04F79EFBC}") = "MinePainter.App.Tests", "tests\MinePainter.App.Tests\MinePainter.App.Tests.csproj", "{9BB873A7-8773-4794-B46A-5C1EF5C65885}"
EndProject
Project("{FAE04EC0-301F-11D3-BF4B-00C04F79EFBC}") = "MinePainter.Thumbnails", "src\MinePainter.Thumbnails\MinePainter.Thumbnails.csproj", "{6CD0B0EA-3D18-418F-AE10-57C5F25D205F}"
EndProject
Project("{2150E333-8FDC-42A3-9474-1A3956D46DE8}") = "tools", "tools", "{07C2787E-EAC7-C090-1BA3-A61EC2A24D84}"
EndProject
Project("{FAE04EC0-301F-11D3-BF4B-00C04F79EFBC}") = "ThumbPack", "tools\ThumbPack\ThumbPack.csproj", "{14B78AF9-508F-4198-ACE5-C2C108AFF680}"
EndProject
Global
	GlobalSection(SolutionConfigurationPlatforms) = preSolution
		Debug|Any CPU = Debug|Any CPU
		Debug|x64 = Debug|x64
		Debug|x86 = Debug|x86
		Release|Any CPU = Release|Any CPU
		Release|x64 = Release|x64
		Release|x86 = Release|x86
	EndGlobalSection
	GlobalSection(ProjectConfigurationPlatforms) = postSolution
		{2A45E3AC-414A-4869-A50A-F8F78F0E697A}.Debug|Any CPU.ActiveCfg = Debug|Any CPU
		{2A45E3AC-414A-4869-A50A-F8F78F0E697A}.Debug|Any CPU.Build.0 = Debug|Any CPU
		{2A45E3AC-414A-4869-A50A-F8F78F0E697A}.Debug|x64.ActiveCfg = Debug|Any CPU
		{2A45E3AC-414A-4869-A50A-F8F78F0E697A}.Debug|x64.Build.0 = Debug|Any CPU
		{2A45E3AC-414A-4869-A50A-F8F78F0E697A}.Debug|x86.ActiveCfg = Debug|Any CPU
		{2A45E3AC-414A-4869-A50A-F8F78F0E697A}.Debug|x86.Build.0 = Debug|Any CPU
		{2A45E3AC-414A-4869-A50A-F8F78F0E697A}.Release|Any CPU.ActiveCfg = Release|Any CPU
		{2A45E3AC-414A-4869-A50A-F8F78F0E697A}.Release|Any CPU.Build.0 = Release|Any CPU
		{2A45E3AC-414A-4869-A50A-F8F78F0E697A}.Release|x64.ActiveCfg = Release|Any CPU
		{2A45E3AC-414A-4869-A50A-F8F78F0E697A}.Release|x64.Build.0 = Release|Any CPU
		{2A45E3AC-414A-4869-A50A-F8F78F0E697A}.Release|x86.ActiveCfg = Release|Any CPU
		{2A45E3AC-414A-4869-A50A-F8F78F0E697A}.Release|x86.Build.0 = Release|Any CPU
		{391386D8-D775-4801-8A7F-778338518EBD}.Debug|Any CPU.ActiveCfg = Debug|Any CPU
		{391386D8-D775-4801-8A7F-778338518EBD}.Debug|Any CPU.Build.0 = Debug|Any CPU
		{391386D8-D775-4801-8A7F-778338518EBD}.Debug|x64.ActiveCfg = Debug|Any CPU
		{391386D8-D775-4801-8A7F-778338518EBD}.Debug|x64.Build.0 = Debug|Any CPU
		{391386D8-D775-4801-8A7F-778338518EBD}.Debug|x86.ActiveCfg = Debug|Any CPU
		{391386D8-D775-4801-8A7F-778338518EBD}.Debug|x86.Build.0 = Debug|Any CPU
		{391386D8-D775-4801-8A7F-778338518EBD}.Release|Any CPU.ActiveCfg = Release|Any CPU
		{391386D8-D775-4801-8A7F-778338518EBD}.Release|Any CPU.Build.0 = Release|Any CPU
		{391386D8-D775-4801-8A7F-778338518EBD}.Release|x64.ActiveCfg = Release|Any CPU
		{391386D8-D775-4801-8A7F-778338518EBD}.Release|x64.Build.0 = Release|Any CPU
		{391386D8-D775-4801-8A7F-778338518EBD}.Release|x86.ActiveCfg = Release|Any CPU
		{391386D8-D775-4801-8A7F-778338518EBD}.Release|x86.Build.0 = Release|Any CPU
		{118C5D61-6FB2-4D0D-AE8A-782BD3A23645}.Debug|Any CPU.ActiveCfg = Debug|Any CPU
		{118C5D61-6FB2-4D0D-AE8A-782BD3A23645}.Debug|Any CPU.Build.0 = Debug|Any CPU
		{118C5D61-6FB2-4D0D-AE8A-782BD3A23645}.Debug|x64.ActiveCfg = Debug|Any CPU
		{118C5D61-6FB2-4D0D-AE8A-782BD3A23645}.Debug|x64.Build.0 = Debug|Any CPU
		{118C5D61-6FB2-4D0D-AE8A-782BD3A23645}.Debug|x86.ActiveCfg = Debug|Any CPU
		{118C5D61-6FB2-4D0D-AE8A-782BD3A23645}.Debug|x86.Build.0 = Debug|Any CPU
		{118C5D61-6FB2-4D0D-AE8A-782BD3A23645}.Release|Any CPU.ActiveCfg = Release|Any CPU
		{118C5D61-6FB2-4D0D-AE8A-782BD3A23645}.Release|Any CPU.Build.0 = Release|Any CPU
		{118C5D61-6FB2-4D0D-AE8A-782BD3A23645}.Release|x64.ActiveCfg = Release|Any CPU
		{118C5D61-6FB2-4D0D-AE8A-782BD3A23645}.Release|x64.Build.0 = Release|Any CPU
		{118C5D61-6FB2-4D0D-AE8A-782BD3A23645}.Release|x86.ActiveCfg = Release|Any CPU
		{118C5D61-6FB2-4D0D-AE8A-782BD3A23645}.Release|x86.Build.0 = Release|Any CPU
		{9BB873A7-8773-4794-B46A-5C1EF5C65885}.Debug|Any CPU.ActiveCfg = Debug|Any CPU
		{9BB873A7-8773-4794-B46A-5C1EF5C65885}.Debug|Any CPU.Build.0 = Debug|Any CPU
		{9BB873A7-8773-4794-B46A-5C1EF5C65885}.Debug|x64.ActiveCfg = Debug|Any CPU
		{9BB873A7-8773-4794-B46A-5C1EF5C65885}.Debug|x64.Build.0 = Debug|Any CPU
		{9BB873A7-8773-4794-B46A-5C1EF5C65885}.Debug|x86.ActiveCfg = Debug|Any CPU
		{9BB873A7-8773-4794-B46A-5C1EF5C65885}.Debug|x86.Build.0 = Debug|Any CPU
		{9BB873A7-8773-4794-B46A-5C1EF5C65885}.Release|Any CPU.ActiveCfg = Release|Any CPU
		{9BB873A7-8773-4794-B46A-5C1EF5C65885}.Release|Any CPU.Build.0 = Release|Any CPU
		{9BB873A7-8773-4794-B46A-5C1EF5C65885}.Release|x64.ActiveCfg = Release|Any CPU
		{9BB873A7-8773-4794-B46A-5C1EF5C65885}.Release|x64.Build.0 = Release|Any CPU
		{9BB873A7-8773-4794-B46A-5C1EF5C65885}.Release|x86.ActiveCfg = Release|Any CPU
		{9BB873A7-8773-4794-B46A-5C1EF5C65885}.Release|x86.Build.0 = Release|Any CPU
		{6CD0B0EA-3D18-418F-AE10-57C5F25D205F}.Debug|Any CPU.ActiveCfg = Debug|Any CPU
		{6CD0B0EA-3D18-418F-AE10-57C5F25D205F}.Debug|Any CPU.Build.0 = Debug|Any CPU
		{6CD0B0EA-3D18-418F-AE10-57C5F25D205F}.Debug|x64.ActiveCfg = Debug|Any CPU
		{6CD0B0EA-3D18-418F-AE10-57C5F25D205F}.Debug|x64.Build.0 = Debug|Any CPU
		{6CD0B0EA-3D18-418F-AE10-57C5F25D205F}.Debug|x86.ActiveCfg = Debug|Any CPU
		{6CD0B0EA-3D18-418F-AE10-57C5F25D205F}.Debug|x86.Build.0 = Debug|Any CPU
		{6CD0B0EA-3D18-418F-AE10-57C5F25D205F}.Release|Any CPU.ActiveCfg = Release|Any CPU
		{6CD0B0EA-3D18-418F-AE10-57C5F25D205F}.Release|Any CPU.Build.0 = Release|Any CPU
		{6CD0B0EA-3D18-418F-AE10-57C5F25D205F}.Release|x64.ActiveCfg = Release|Any CPU
		{6CD0B0EA-3D18-418F-AE10-57C5F25D205F}.Release|x64.Build.0 = Release|Any CPU
		{6CD0B0EA-3D18-418F-AE10-57C5F25D205F}.Release|x86.ActiveCfg = Release|Any CPU
		{6CD0B0EA-3D18-418F-AE10-57C5F25D205F}.Release|x86.Build.0 = Release|Any CPU
		{14B78AF9-508F-4198-ACE5-C2C108AFF680}.Debug|Any CPU.ActiveCfg = Debug|Any CPU
		{14B78AF9-508F-4198-ACE5-C2C108AFF680}.Debug|Any CPU.Build.0 = Debug|Any CPU
		{14B78AF9-508F-4198-ACE5-C2C108AFF680}.Debug|x64.ActiveCfg = Debug|Any CPU
		{14B78AF9-508F-4198-ACE5-C2C108AFF680}.Debug|x64.Build.0 = Debug|Any CPU
		{14B78AF9-508F-4198-ACE5-C2C108AFF680}.Debug|x86.ActiveCfg = Debug|Any CPU
		{14B78AF9-508F-4198-ACE5-C2C108AFF680}.Debug|x86.Build.0 = Debug|Any CPU
		{14B78AF9-508F-4198-ACE5-C2C108AFF680}.Release|Any CPU.ActiveCfg = Release|Any CPU
		{14B78AF9-508F-4198-ACE5-C2C108AFF680}.Release|Any CPU.Build.0 = Release|Any CPU
		{14B78AF9-508F-4198-ACE5-C2C108AFF680}.Release|x64.ActiveCfg = Release|Any CPU
		{14B78AF9-508F-4198-ACE5-C2C108AFF680}.Release|x64.Build.0 = Release|Any CPU
		{14B78AF9-508F-4198-ACE5-C2C108AFF680}.Release|x86.ActiveCfg = Release|Any CPU
		{14B78AF9-508F-4198-ACE5-C2C108AFF680}.Release|x86.Build.0 = Release|Any CPU
	EndGlobalSection
	GlobalSection(SolutionProperties) = preSolution
		HideSolutionNode = FALSE
	EndGlobalSection
	GlobalSection(NestedProjects) = preSolution
		{2A45E3AC-414A-4869-A50A-F8F78F0E697A} = {827E0CD3-B72D-47B6-A68D-7590B98EB39B}
		{391386D8-D775-4801-8A7F-778338518EBD} = {827E0CD3-B72D-47B6-A68D-7590B98EB39B}
		{118C5D61-6FB2-4D0D-AE8A-782BD3A23645} = {827E0CD3-B72D-47B6-A68D-7590B98EB39B}
		{9BB873A7-8773-4794-B46A-5C1EF5C65885} = {0AB3BF05-4346-4AA6-1389-037BE0695223}
		{6CD0B0EA-3D18-418F-AE10-57C5F25D205F} = {827E0CD3-B72D-47B6-A68D-7590B98EB39B}
		{14B78AF9-508F-4198-ACE5-C2C108AFF680} = {07C2787E-EAC7-C090-1BA3-A61EC2A24D84}
	EndGlobalSection
EndGlobal
